
Microsoft Visual Studio Solution File, Format Version 12.00
# Visual Studio Version 16
VisualStudioVersion = 16.0.30309.148
MinimumVisualStudioVersion = 10.0.40219.1
Project("{FAE04EC0-301F-11D3-BF4B-00C04F79EFBC}") = "PlayingWithCache", "PlayingWithCache\PlayingWithCache.csproj", "{570A9708-A292-45EF-B491-B660D0F41383}"
EndProject
Global
	GlobalSection(SolutionConfigurationPlatforms) = preSolution
		Debug|Any CPU = Debug|Any CPU
		Release|Any CPU = Release|Any CPU
	EndGlobalSection
	GlobalSection(ProjectConfigurationPlatforms) = postSolution
		{570A9708-A292-45EF-B491-B660D0F41383}.Debug|Any CPU.ActiveCfg = Debug|Any CPU
		{570A9708-A292-45EF-B491-B660D0F41383}.Debug|Any CPU.Build.0 = Debug|Any CPU
		{570A9708-A292-45EF-B491-B660D0F41383}.Release|Any CPU.ActiveCfg = Release|Any CPU
		{570A9708-A292-45EF-B491-B660D0F41383}.Release|Any CPU.Build.0 = Release|Any CPU
	EndGlobalSection
	GlobalSection(SolutionProperties) = preSolution
		HideSolutionNode = FALSE
	EndGlobalSection
	GlobalSection(ExtensibilityGlobals) = postSolution
		SolutionGuid = {9C4934CE-FE42-4EAC-83D8-863DF1C50FA1}
	EndGlobalSection
EndGlobal
